{
  "version": 1,
  "dependencies": {
    "net8.0": {
      "Microsoft.NET.Test.Sdk": {
        "type": "Direct",
        "requested": "[18.9.0, )",
        "resolved": "18.9.0",
        "contentHash": "xIzVXa/VpKXqDWzyC/5Hw8JbFY5u9k3Jc53CpcjBiOXvkQGio484LD9FNwOiGUSMDcYL3Rcw9sNgGi5WrswlPQ==",
        "dependencies": {
          "Microsoft.CodeCoverage": "18.9.0",
          "Microsoft.TestPlatform.TestHost": "18.9.0"
        }
      },
      "MSTest": {
        "type": "Direct",
        "requested": "[4.3.3, )",
        "resolved": "4.3.3",
        "contentHash": "jrnmaQgS4Z81ONQzTgB2GUDZ52r7Qvy3QYGyKZbJ7mX3YR/gwNaIcEAnbkJgefpp3V2ctpBMcn5Hg/72TV/R2g==",
        "dependencies": {
          "MSTest.TestAdapter": "4.3.3",
          "MSTest.TestFramework": "4.3.3",
          "Microsoft.NET.Test.Sdk": "18.4.0",
          "Microsoft.Testing.Extensions.CodeCoverage": "18.9.0",
          "Microsoft.Testing.Extensions.TrxReport": "2.3.3"
        }
      },
      "BCnEncoder.Net": {
        "type": "Transitive",
        "resolved": "2.2.0",
        "contentHash": "bJg23yquVTodLWYBCDu28Dk82Coi138ZnjFlWI4sqaOtjRIvftAZHaQHbm2SdCWUShcG9sEZ4BdOnePY9qB7tA==",
        "dependencies": {
          "CommunityToolkit.HighPerformance": "8.4.0"
        }
      },
      "BCnEncoder.Net.ImageSharp": {
        "type": "Transitive",
        "resolved": "1.1.2",
        "contentHash": "qUi8L+bNfHJii95BMBcV6MhBchkKU2VV6sd6D1yyzgm77YhMt+aFT0keh5uf70bvTsRrq/ZKQnE4UQScNU6XAA==",
        "dependencies": {
          "BCnEncoder.Net": "2.2.0",
          "CommunityToolkit.HighPerformance": "8.4.0",
          "SixLabors.ImageSharp": "3.1.7"
        }
      },
      "CommunityToolkit.HighPerformance": {
        "type": "Transitive",
        "resolved": "8.4.0",
        "contentHash": "flxspiBs0G/0GMp7IK2J2ijV9bTG6hEwFc/z6ekHqB6nwRJ4Ry2yLdx+TkbCUYFCl4XhABkAwomeKbT6zM2Zlg=="
      },
      "LlamaLogic.Packages": {
        "type": "Transitive",
        "resolved": "3.8.2",
        "contentHash": "Siy3kbjMYlYS0z+uHEwe9vuAkXFe+kOsPq/wfxfB2F0zZ9dWaHCw/5eRltaOxbTzgFUHUDaDBCqMPocgrOkPKg==",
        "dependencies": {
          "BCnEncoder.Net.ImageSharp": "1.1.2",
          "Nito.AsyncEx": "5.1.2",
          "SharpZipLib": "1.4.2",
          "SixLabors.ImageSharp": "3.1.11",
          "System.Collections.Immutable": "8.0.0",
          "YamlDotNet": "16.3.0"
        }
      },
      "Microsoft.ApplicationInsights": {
        "type": "Transitive",
        "resolved": "2.23.0",
        "contentHash": "nWArUZTdU7iqZLycLKWe0TDms48KKGE6pONH2terYNa8REXiqixrMOkf1sk5DHGMaUTqONU2YkS4SAXBhLStgw==",
        "dependencies": {
          "System.Diagnostics.DiagnosticSource": "5.0.0"
        }
      },
      "Microsoft.CodeCoverage": {
        "type": "Transitive",
        "resolved": "18.9.0",
        "contentHash": "MtegCIKGuG0r/LCdIjoR1HgzCGIUBhR3aNdbtQpts5vMXQuqBDZ2Jsd2uFKoHFM2XrQV6ZrDf3F5oLi3SLTp8w=="
      },
      "Microsoft.DiaSymReader": {
        "type": "Transitive",
        "resolved": "2.2.9",
        "contentHash": "WLbDc/W9XkHpGVtd1L6Vml8W6+PaaYZZTJASHjHF7W2WX/hld6bfNK102Ui+I3a6zIdx4+oKRJtMgHz44JmBfw=="
      },
      "Microsoft.Extensions.DependencyModel": {
        "type": "Transitive",
        "resolved": "10.0.8",
        "contentHash": "vLyZVpxmduO2jx+76ggqnsA3m81kwMY3NkWciNTj5E+Nvqb0VihqCvQP89QsGONWp0AJwMZG+u9GzaCjDdFGNw==",
        "dependencies": {
          "System.Text.Encodings.Web": "10.0.8",
          "System.Text.Json": "10.0.8"
        }
      },
      "Microsoft.Testing.Extensions.CodeCoverage": {
        "type": "Transitive",
        "resolved": "18.9.0",
        "contentHash": "Odp8djWEUFTJoRV02y0zJaAwAHF31CtNaDgnKKM+8dBHbbaH7Ee0oo9gweLpbzjI7UrtMUzH6xLJSrICZw+Nwg==",
        "dependencies": {
          "Microsoft.DiaSymReader": "2.2.9",
          "Microsoft.Extensions.DependencyModel": "10.0.8",
          "Microsoft.Testing.Platform": "2.3.0",
          "System.IO.Pipelines": "10.0.8",
          "System.Text.Encodings.Web": "10.0.8",
          "System.Text.Json": "10.0.8"
        }
      },
      "Microsoft.Testing.Extensions.Telemetry": {
        "type": "Transitive",
        "resolved": "2.3.3",
        "contentHash": "nY8ceQyPWB9TRE1WE5Oe/sks2e10SxgPv61vBHsFYpgCeDtNwhpMZwmL29GklO3/etTdOsLdrCmNr4zJWaR2fg==",
        "dependencies": {
          "Microsoft.ApplicationInsights": "2.23.0",
          "Microsoft.Testing.Platform": "2.3.3"
        }
      },
      "Microsoft.Testing.Extensions.TrxReport": {
        "type": "Transitive",
        "resolved": "2.3.3",
        "contentHash": "vYBqGSlT94B8d6d4PRdPQ83ogn3kK4kXcnI3SlHBHZu1XsU01IDTMnWoto5v5wXN/Mz4XsVM3Do/sJdGRgH29g==",
        "dependencies": {
          "Microsoft.Testing.Extensions.TrxReport.Abstractions": "2.3.3",
          "Microsoft.Testing.Platform": "2.3.3"
        }
      },
      "Microsoft.Testing.Extensions.TrxReport.Abstractions": {
        "type": "Transitive",
        "resolved": "2.3.3",
        "contentHash": "dceVNxnfTEjKnrIreLcMfkgrzzBY8kgCCJX5NAv7Lq/6vPlTP4VB5zxKeuYy0yfCoBtWuPkLjUG6qtOBMfpypA==",
        "dependencies": {
          "Microsoft.Testing.Platform": "2.3.3"
        }
      },
      "Microsoft.Testing.Extensions.VSTestBridge": {
        "type": "Transitive",
        "resolved": "2.3.3",
        "contentHash": "JLovZjH6K10YiHO/BcidsaSHo/M2DfOe9FDjxjFdV6aoHO6VYTTYlLBNcyLJSo20q5gDTmNvmxYVH39A942aJA==",
        "dependencies": {
          "Microsoft.TestPlatform.ObjectModel": "18.4.0",
          "Microsoft.Testing.Extensions.Telemetry": "2.3.3",
          "Microsoft.Testing.Extensions.TrxReport.Abstractions": "2.3.3",
          "Microsoft.Testing.Platform": "2.3.3"
        }
      },
      "Microsoft.Testing.Platform": {
        "type": "Transitive",
        "resolved": "2.3.3",
        "contentHash": "ENbH4BQh9riXtOKc25KKITfiGGWhWMBJA7pZuNaF9zxzzSaVkp5AMeZxGQ6sXYaR6xb724NLz985Is6XIYqLSg=="
      },
      "Microsoft.Testing.Platform.MSBuild": {
        "type": "Transitive",
        "resolved": "2.3.3",
        "contentHash": "iVAvNbZ5JPDZSrTcIrCDoCsAkzjDxwDEt2mDuMd8ng1P6e2P2NCd0g0BsoBVG+nJLSmK//V+yeEvjCa3E2fxHw==",
        "dependencies": {
          "Microsoft.Testing.Platform": "2.3.3"
        }
      },
      "Microsoft.TestPlatform.ObjectModel": {
        "type": "Transitive",
        "resolved": "18.9.0",
        "contentHash": "Fz/qXC52VXXopzHj7v2reCKcCqSxkTDCkEDfkNAH0vni/7qK/KLMiEYtRmnUanxO2F2g2zZZ60qCpxF0AF7URA=="
      },
      "Microsoft.TestPlatform.TestHost": {
        "type": "Transitive",
        "resolved": "18.9.0",
        "contentHash": "Oq+Pma/J86aZL72t71bcESvDszDsTjUfl6PIsuDdPoKTHZfNMhKamCfLD5fKx51W/u0KozXtJo2/3fnt0sgPxg==",
        "dependencies": {
          "Microsoft.TestPlatform.ObjectModel": "18.9.0"
        }
      },
      "MSTest.Analyzers": {
        "type": "Transitive",
        "resolved": "4.3.3",
        "contentHash": "cTcdSPIZ8WvchbC5DFmfHxrvVNZCtops+2W94le+Q+mx110Y9L9mqNVVc9flF35lFeL5GsY+rxGBylsjDk4+zg=="
      },
      "MSTest.TestAdapter": {
        "type": "Transitive",
        "resolved": "4.3.3",
        "contentHash": "YxXA1YGqwcZ1UjZXHgeu65AWDR25PQ2lN5N5CYOhxftqOQh/FcgQk0Vz0nfHqLhqOGFI6g9uIfOWqAdobSNKSg==",
        "dependencies": {
          "MSTest.TestFramework": "4.3.3",
          "Microsoft.Testing.Extensions.VSTestBridge": "2.3.3",
          "Microsoft.Testing.Platform.MSBuild": "2.3.3"
        }
      },
      "MSTest.TestFramework": {
        "type": "Transitive",
        "resolved": "4.3.3",
        "contentHash": "Y4OSRh7VKV3nW+/vIqvfJ3sdLWfVJ9G11KpzynFAq3Bh/fpMaXt73v8GfL4mTz6pJ/ix3hcep4iy6qQNXt408w==",
        "dependencies": {
          "MSTest.Analyzers": "4.3.3"
        }
      },
      "Nito.AsyncEx": {
        "type": "Transitive",
        "resolved": "5.1.2",
        "contentHash": "hq+N63M/2znx2z1VzvPDHNg+HIWKdIloEZre+P7E0O+2iRf1Q4HBOgeiJU6SzFD/fWoyKyKSSSrekk4RgiXaeQ==",
        "dependencies": {
          "Nito.AsyncEx.Context": "5.1.2",
          "Nito.AsyncEx.Coordination": "5.1.2",
          "Nito.AsyncEx.Interop.WaitHandles": "5.1.2",
          "Nito.AsyncEx.Oop": "5.1.2",
          "Nito.AsyncEx.Tasks": "5.1.2",
          "Nito.Cancellation": "1.1.2"
        }
      },
      "Nito.AsyncEx.Context": {
        "type": "Transitive",
        "resolved": "5.1.2",
        "contentHash": "rMwL7Nj3oNyvFu/jxUzQ/YBobEkM2RQHe+5mpCDRyq6mfD7vCj7Z3rjB6XgpM6Mqcx1CA2xGv0ascU/2Xk8IIg==",
        "dependencies": {
          "Nito.AsyncEx.Tasks": "5.1.2"
        }
      },
      "Nito.AsyncEx.Coordination": {
        "type": "Transitive",
        "resolved": "5.1.2",
        "contentHash": "QMyUfsaxov//0ZMbOHWr9hJaBFteZd66DV1ay4J5wRODDb8+K/uHC7+3VsOflo6SVw/29mu8OWZp8vMDSuzc0w==",
        "dependencies": {
          "Nito.AsyncEx.Tasks": "5.1.2",
          "Nito.Collections.Deque": "1.1.1"
        }
      },
      "Nito.AsyncEx.Interop.WaitHandles": {
        "type": "Transitive",
        "resolved": "5.1.2",
        "contentHash": "qym29lFBCSIacKvFcJDW+beXzuO+6y9lWdd1KecxzzAqtNuvlYgNPwIsxwdhEINLhTT4aDuCM3JalpUZYWI51Q==",
        "dependencies": {
          "Nito.AsyncEx.Tasks": "5.1.2"
        }
      },
      "Nito.AsyncEx.Oop": {
        "type": "Transitive",
        "resolved": "5.1.2",
        "contentHash": "MxQl/NFoPgMApyjbB2fSZBrjdf9r6ODd/BTrWLyJKYX6UeNfw0Ocr0cPiTg2LRN0Ayud8Gj4dh67AdasNn709Q==",
        "dependencies": {
          "Nito.AsyncEx.Coordination": "5.1.2"
        }
      },
      "Nito.AsyncEx.Tasks": {
        "type": "Transitive",
        "resolved": "5.1.2",
        "contentHash": "jEkCfR2/M26OK/U4G7SEN063EU/F4LiVA06TtpZILMdX/quIHCg+wn31Zerl2LC+u1cyFancjTY3cNAr2/89PA==",
        "dependencies": {
          "Nito.Disposables": "2.2.1"
        }
      },
      "Nito.Cancellation": {
        "type": "Transitive",
        "resolved": "1.1.2",
        "contentHash": "Z+SZKp0KxMC6tEVbXe8ah4pBJadyqP0pObQMaZcBavhIDEIsGuxt7PL+B9AiNJD3Ni5VgnZsnii5HPJgVDE81w==",
        "dependencies": {
          "Nito.Disposables": "2.2.1"
        }
      },
      "Nito.Collections.Deque": {
        "type": "Transitive",
        "resolved": "1.1.1",
        "contentHash": "CU0/Iuv5VDynK8I8pDLwkgF0rZhbQoZahtodfL0M3x2gFkpBRApKs8RyMyNlAi1mwExE4gsmqQXk4aFVvW9a4Q=="
      },
      "Nito.Disposables": {
        "type": "Transitive",
        "resolved": "2.2.1",
        "contentHash": "6sZ5uynQeAE9dPWBQGKebNmxbY4xsvcc5VplB5WkYEESUS7oy4AwnFp0FhqxTSKm/PaFrFqLrYr696CYN8cugg==",
        "dependencies": {
          "System.Collections.Immutable": "1.7.1"
        }
      },
      "SharpZipLib": {
        "type": "Transitive",
        "resolved": "1.4.2",
        "contentHash": "yjj+3zgz8zgXpiiC3ZdF/iyTBbz2fFvMxZFEBPUcwZjIvXOf37Ylm+K58hqMfIBt5JgU/Z2uoUS67JmTLe973A=="
      },
      "SixLabors.ImageSharp": {
        "type": "Transitive",
        "resolved": "3.1.11",
        "contentHash": "JfPLyigLthuE50yi6tMt7Amrenr/fA31t2CvJyhy/kQmfulIBAqo5T/YFUSRHtuYPXRSaUHygFeh6Qd933EoSw=="
      },
      "System.Collections.Immutable": {
        "type": "Transitive",
        "resolved": "8.0.0",
        "contentHash": "AurL6Y5BA1WotzlEvVaIDpqzpIPvYnnldxru8oXJU2yFxFUy3+pNXjXd1ymO+RA0rq0+590Q8gaz2l3Sr7fmqg=="
      },
      "System.Diagnostics.DiagnosticSource": {
        "type": "Transitive",
        "resolved": "5.0.0",
        "contentHash": "tCQTzPsGZh/A9LhhA6zrqCRV4hOHsK90/G7q3Khxmn6tnB1PuNU0cRaKANP2AWcF9bn0zsuOoZOSrHuJk6oNBA=="
      },
      "System.IO.Pipelines": {
        "type": "Transitive",
        "resolved": "10.0.8",
        "contentHash": "STVNTIVd+UrYvSo31D2tOOTs19IThdjGDN14FS3/NZb4PWsVakAg/VT4sq+JYWGP/GtazzvXwebWL6LPBAwnFQ=="
      },
      "System.Text.Encodings.Web": {
        "type": "Transitive",
        "resolved": "10.0.8",
        "contentHash": "HvFIJXM/CMTRu6PBQmjukQZ/O32Vx5fOEYZs0kq0OD5s9vJQ19KHLWCVmnfh3gNC7pbYomm06tzOTgJBflr/nQ=="
      },
      "System.Text.Json": {
        "type": "Transitive",
        "resolved": "10.0.8",
        "contentHash": "/fysUDkD7oFGaRPoA7IaFs0wRoO3GlwlCNq2P+xWZqxLy1R4cktRSKfMjJDy9ymS4grL7IDVdt8de8L9a0z55Q==",
        "dependencies": {
          "System.IO.Pipelines": "10.0.8",
          "System.Text.Encodings.Web": "10.0.8"
        }
      },
      "YamlDotNet": {
        "type": "Transitive",
        "resolved": "16.3.0",
        "contentHash": "SgMOdxbz8X65z8hraIs6hOEdnkH6hESTAIUa7viEngHOYaH+6q5XJmwr1+yb9vJpNQ19hCQY69xbFsLtXpobQA=="
      },
      "sims4moddoctor.core": {
        "type": "Project"
      },
      "sims4moddoctor.packages": {
        "type": "Project",
        "dependencies": {
          "LlamaLogic.Packages": "[3.8.2, )",
          "Sims4ModDoctor.Core": "[1.0.0, )"
        }
      }
    }
  }
}